{
  "name": "@clevercanyon/fill-range.fork",
  "version": "7.0.2",
  "lockfileVersion": 2,
  "requires": true,
  "packages": {
    "": {
      "name": "@clevercanyon/fill-range.fork",
      "version": "7.0.2",
      "license": "MIT",
      "dependencies": {
        "to-regex-range": "npm:@clevercanyon/to-regex-range.fork@^5.0.1"
      },
      "devDependencies": {},
      "funding": {
        "url": "https://github.com/sponsors/clevercanyon"
      }
    },
    "node_modules/is-number": {
      "name": "@clevercanyon/is-number.fork",
      "version": "7.0.1",
      "resolved": "https://npm.pkg.github.com/download/@clevercanyon/is-number.fork/7.0.1/d0bb3f60beb9420b0fc294ac8992125e19813d60",
      "integrity": "sha512-4CpzWCpAg0lKeTtIQKJPVO12XJhZeqLtMfgzBEt31CtXufkW+yOrON2rQbREzwIiA5RzTRDD5MINtBmthgmwUQ==",
      "license": "MIT"
    },
    "node_modules/to-regex-range": {
      "name": "@clevercanyon/to-regex-range.fork",
      "version": "5.0.2",
      "resolved": "https://npm.pkg.github.com/download/@clevercanyon/to-regex-range.fork/5.0.2/88366e7f9a792821189ae8c4b29c514022914efc",
      "integrity": "sha512-E8NU3YUGwMXWDBeDkTWGbx7CcE3sXuD02kwv0MasbWPt3rpkZP9i2r5bSd84+9h0uLZFIDn3OLMinFpf5XpaYA==",
      "license": "MIT",
      "dependencies": {
        "is-number": "npm:@clevercanyon/is-number.fork@^7.0.0"
      }
    }
  },
  "dependencies": {
    "is-number": {
      "version": "npm:@clevercanyon/is-number.fork@7.0.1",
      "resolved": "https://npm.pkg.github.com/download/@clevercanyon/is-number.fork/7.0.1/d0bb3f60beb9420b0fc294ac8992125e19813d60",
      "integrity": "sha512-4CpzWCpAg0lKeTtIQKJPVO12XJhZeqLtMfgzBEt31CtXufkW+yOrON2rQbREzwIiA5RzTRDD5MINtBmthgmwUQ=="
    },
    "to-regex-range": {
      "version": "npm:@clevercanyon/to-regex-range.fork@5.0.2",
      "resolved": "https://npm.pkg.github.com/download/@clevercanyon/to-regex-range.fork/5.0.2/88366e7f9a792821189ae8c4b29c514022914efc",
      "integrity": "sha512-E8NU3YUGwMXWDBeDkTWGbx7CcE3sXuD02kwv0MasbWPt3rpkZP9i2r5bSd84+9h0uLZFIDn3OLMinFpf5XpaYA==",
      "requires": {
        "is-number": "npm:@clevercanyon/is-number.fork@^7.0.0"
      }
    }
  }
}
