{
  "name": "@clevercanyon/fill-range.fork",
  "version": "7.0.5",
  "lockfileVersion": 2,
  "requires": true,
  "packages": {
    "": {
      "name": "@clevercanyon/fill-range.fork",
      "version": "7.0.5",
      "license": "MIT",
      "dependencies": {
        "to-regex-range": "npm:@clevercanyon/to-regex-range.fork@^5.0.1"
      },
      "devDependencies": {},
      "funding": {
        "url": "https://github.com/sponsors/clevercanyon"
      }
    },
    "node_modules/is-number": {
      "name": "@clevercanyon/is-number.fork",
      "version": "7.0.2",
      "resolved": "https://registry.npmjs.org/@clevercanyon/is-number.fork/-/is-number.fork-7.0.2.tgz",
      "integrity": "sha512-6l/XIAUvVQbBtyYavnryxX3sqVz3NBN6WeTHXREWF+Mc6moOkFWifQOG4IBFT46pjel1omYTqP+tifFBbjvylA==",
      "funding": {
        "url": "https://github.com/sponsors/clevercanyon"
      }
    },
    "node_modules/to-regex-range": {
      "name": "@clevercanyon/to-regex-range.fork",
      "version": "5.0.3",
      "resolved": "https://registry.npmjs.org/@clevercanyon/to-regex-range.fork/-/to-regex-range.fork-5.0.3.tgz",
      "integrity": "sha512-FRv7JSqeosEqqC9xydzoonbwD4Hn+D1fC6rz+DhPJWUOix9R7vGUyYqgjemV3RuRWwco2CxiB2+nYK8sBJEUcw==",
      "dependencies": {
        "is-number": "npm:@clevercanyon/is-number.fork@^7.0.0"
      },
      "funding": {
        "url": "https://github.com/sponsors/clevercanyon"
      }
    }
  },
  "dependencies": {
    "is-number": {
      "version": "npm:@clevercanyon/is-number.fork@7.0.2",
      "resolved": "https://registry.npmjs.org/@clevercanyon/is-number.fork/-/is-number.fork-7.0.2.tgz",
      "integrity": "sha512-6l/XIAUvVQbBtyYavnryxX3sqVz3NBN6WeTHXREWF+Mc6moOkFWifQOG4IBFT46pjel1omYTqP+tifFBbjvylA=="
    },
    "to-regex-range": {
      "version": "npm:@clevercanyon/to-regex-range.fork@5.0.3",
      "resolved": "https://registry.npmjs.org/@clevercanyon/to-regex-range.fork/-/to-regex-range.fork-5.0.3.tgz",
      "integrity": "sha512-FRv7JSqeosEqqC9xydzoonbwD4Hn+D1fC6rz+DhPJWUOix9R7vGUyYqgjemV3RuRWwco2CxiB2+nYK8sBJEUcw==",
      "requires": {
        "is-number": "npm:@clevercanyon/is-number.fork@^7.0.0"
      }
    }
  }
}
